
Microsoft Visual Studio Solution File, Format Version 12.00
# Visual Studio 15
VisualStudioVersion = 15.0.28307.329
MinimumVisualStudioVersion = 10.0.40219.1
Project("{FAE04EC0-301F-11D3-BF4B-00C04F79EFBC}") = "Rhode IT.Android", "Rhode IT\Rhode IT.Android\Rhode IT.Android.csproj", "{A9BEA5A6-0B94-4347-BCDA-4D60F52B3E8D}"
EndProject
Project("{FAE04EC0-301F-11D3-BF4B-00C04F79EFBC}") = "Rhode IT.iOS", "Rhode IT\Rhode IT.iOS\Rhode IT.iOS.csproj", "{6009A283-6ED2-4041-8C55-BA4C0B8B120D}"
EndProject
Project("{9A19103F-16F7-4668-BE54-9A1E7A4F7556}") = "Rhode IT", "Rhode IT\Rhode IT\Rhode IT.csproj", "{BD536FA7-F95B-47DA-82D2-8B7C16E2626E}"
EndProject
Project("{FAE04EC0-301F-11D3-BF4B-00C04F79EFBC}") = "Rhode IT Console", "Rhode IT Console\Rhode IT Console.csproj", "{AD5915C0-F625-4184-B1F5-989629E1D904}"
EndProject
Global
	GlobalSection(SolutionConfigurationPlatforms) = preSolution
		Ad-Hoc|Any CPU = Ad-Hoc|Any CPU
		Ad-Hoc|iPhone = Ad-Hoc|iPhone
		Ad-Hoc|iPhoneSimulator = Ad-Hoc|iPhoneSimulator
		AppStore|Any CPU = AppStore|Any CPU
		AppStore|iPhone = AppStore|iPhone
		AppStore|iPhoneSimulator = AppStore|iPhoneSimulator
		Debug|Any CPU = Debug|Any CPU
		Debug|iPhone = Debug|iPhone
		Debug|iPhoneSimulator = Debug|iPhoneSimulator
		Release|Any CPU = Release|Any CPU
		Release|iPhone = Release|iPhone
		Release|iPhoneSimulator = Release|iPhoneSimulator
	EndGlobalSection
	GlobalSection(ProjectConfigurationPlatforms) = postSolution
		{A9BEA5A6-0B94-4347-BCDA-4D60F52B3E8D}.Ad-Hoc|Any CPU.ActiveCfg = Release|Any CPU
		{A9BEA5A6-0B94-4347-BCDA-4D60F52B3E8D}.Ad-Hoc|Any CPU.Build.0 = Release|Any CPU
		{A9BEA5A6-0B94-4347-BCDA-4D60F52B3E8D}.Ad-Hoc|Any CPU.Deploy.0 = Release|Any CPU
		{A9BEA5A6-0B94-4347-BCDA-4D60F52B3E8D}.Ad-Hoc|iPhone.ActiveCfg = Release|Any CPU
		{A9BEA5A6-0B94-4347-BCDA-4D60F52B3E8D}.Ad-Hoc|iPhone.Build.0 = Release|Any CPU
		{A9BEA5A6-0B94-4347-BCDA-4D60F52B3E8D}.Ad-Hoc|iPhone.Deploy.0 = Release|Any CPU
		{A9BEA5A6-0B94-4347-BCDA-4D60F52B3E8D}.Ad-Hoc|iPhoneSimulator.ActiveCfg = Release|Any CPU
		{A9BEA5A6-0B94-4347-BCDA-4D60F52B3E8D}.Ad-Hoc|iPhoneSimulator.Build.0 = Release|Any CPU
		{A9BEA5A6-0B94-4347-BCDA-4D60F52B3E8D}.Ad-Hoc|iPhoneSimulator.Deploy.0 = Release|Any CPU
		{A9BEA5A6-0B94-4347-BCDA-4D60F52B3E8D}.AppStore|Any CPU.ActiveCfg = Release|Any CPU
		{A9BEA5A6-0B94-4347-BCDA-4D60F52B3E8D}.AppStore|Any CPU.Build.0 = Release|Any CPU
		{A9BEA5A6-0B94-4347-BCDA-4D60F52B3E8D}.AppStore|Any CPU.Deploy.0 = Release|Any CPU
		{A9BEA5A6-0B94-4347-BCDA-4D60F52B3E8D}.AppStore|iPhone.ActiveCfg = Release|Any CPU
		{A9BEA5A6-0B94-4347-BCDA-4D60F52B3E8D}.AppStore|iPhone.Build.0 = Release|Any CPU
		{A9BEA5A6-0B94-4347-BCDA-4D60F52B3E8D}.AppStore|iPhone.Deploy.0 = Release|Any CPU
		{A9BEA5A6-0B94-4347-BCDA-4D60F52B3E8D}.AppStore|iPhoneSimulator.ActiveCfg = Release|Any CPU
		{A9BEA5A6-0B94-4347-BCDA-4D60F52B3E8D}.AppStore|iPhoneSimulator.Build.0 = Release|Any CPU
		{A9BEA5A6-0B94-4347-BCDA-4D60F52B3E8D}.AppStore|iPhoneSimulator.Deploy.0 = Release|Any CPU
		{A9BEA5A6-0B94-4347-BCDA-4D60F52B3E8D}.Debug|Any CPU.ActiveCfg = Debug|Any CPU
		{A9BEA5A6-0B94-4347-BCDA-4D60F52B3E8D}.Debug|Any CPU.Build.0 = Debug|Any CPU
		{A9BEA5A6-0B94-4347-BCDA-4D60F52B3E8D}.Debug|Any CPU.Deploy.0 = Debug|Any CPU
		{A9BEA5A6-0B94-4347-BCDA-4D60F52B3E8D}.Debug|iPhone.ActiveCfg = Debug|Any CPU
		{A9BEA5A6-0B94-4347-BCDA-4D60F52B3E8D}.Debug|iPhone.Build.0 = Debug|Any CPU
		{A9BEA5A6-0B94-4347-BCDA-4D60F52B3E8D}.Debug|iPhone.Deploy.0 = Debug|Any CPU
		{A9BEA5A6-0B94-4347-BCDA-4D60F52B3E8D}.Debug|iPhoneSimulator.ActiveCfg = Debug|Any CPU
		{A9BEA5A6-0B94-4347-BCDA-4D60F52B3E8D}.Debug|iPhoneSimulator.Build.0 = Debug|Any CPU
		{A9BEA5A6-0B94-4347-BCDA-4D60F52B3E8D}.Debug|iPhoneSimulator.Deploy.0 = Debug|Any CPU
		{A9BEA5A6-0B94-4347-BCDA-4D60F52B3E8D}.Release|Any CPU.ActiveCfg = Release|Any CPU
		{A9BEA5A6-0B94-4347-BCDA-4D60F52B3E8D}.Release|Any CPU.Build.0 = Release|Any CPU
		{A9BEA5A6-0B94-4347-BCDA-4D60F52B3E8D}.Release|Any CPU.Deploy.0 = Release|Any CPU
		{A9BEA5A6-0B94-4347-BCDA-4D60F52B3E8D}.Release|iPhone.ActiveCfg = Release|Any CPU
		{A9BEA5A6-0B94-4347-BCDA-4D60F52B3E8D}.Release|iPhone.Build.0 = Release|Any CPU
		{A9BEA5A6-0B94-4347-BCDA-4D60F52B3E8D}.Release|iPhone.Deploy.0 = Release|Any CPU
		{A9BEA5A6-0B94-4347-BCDA-4D60F52B3E8D}.Release|iPhoneSimulator.ActiveCfg = Release|Any CPU
		{A9BEA5A6-0B94-4347-BCDA-4D60F52B3E8D}.Release|iPhoneSimulator.Build.0 = Release|Any CPU
		{A9BEA5A6-0B94-4347-BCDA-4D60F52B3E8D}.Release|iPhoneSimulator.Deploy.0 = Release|Any CPU
		{6009A283-6ED2-4041-8C55-BA4C0B8B120D}.Ad-Hoc|Any CPU.ActiveCfg = Ad-Hoc|iPhone
		{6009A283-6ED2-4041-8C55-BA4C0B8B120D}.Ad-Hoc|Any CPU.Build.0 = Ad-Hoc|iPhone
		{6009A283-6ED2-4041-8C55-BA4C0B8B120D}.Ad-Hoc|Any CPU.Deploy.0 = Ad-Hoc|iPhone
		{6009A283-6ED2-4041-8C55-BA4C0B8B120D}.Ad-Hoc|iPhone.ActiveCfg = Ad-Hoc|iPhone
		{6009A283-6ED2-4041-8C55-BA4C0B8B120D}.Ad-Hoc|iPhone.Build.0 = Ad-Hoc|iPhone
		{6009A283-6ED2-4041-8C55-BA4C0B8B120D}.Ad-Hoc|iPhone.Deploy.0 = Ad-Hoc|iPhone
		{6009A283-6ED2-4041-8C55-BA4C0B8B120D}.Ad-Hoc|iPhoneSimulator.ActiveCfg = Ad-Hoc|iPhoneSimulator
		{6009A283-6ED2-4041-8C55-BA4C0B8B120D}.Ad-Hoc|iPhoneSimulator.Build.0 = Ad-Hoc|iPhoneSimulator
		{6009A283-6ED2-4041-8C55-BA4C0B8B120D}.Ad-Hoc|iPhoneSimulator.Deploy.0 = Ad-Hoc|iPhoneSimulator
		{6009A283-6ED2-4041-8C55-BA4C0B8B120D}.AppStore|Any CPU.ActiveCfg = AppStore|iPhone
		{6009A283-6ED2-4041-8C55-BA4C0B8B120D}.AppStore|Any CPU.Build.0 = AppStore|iPhone
		{6009A283-6ED2-4041-8C55-BA4C0B8B120D}.AppStore|Any CPU.Deploy.0 = AppStore|iPhone
		{6009A283-6ED2-4041-8C55-BA4C0B8B120D}.AppStore|iPhone.ActiveCfg = AppStore|iPhone
		{6009A283-6ED2-4041-8C55-BA4C0B8B120D}.AppStore|iPhone.Build.0 = AppStore|iPhone
		{6009A283-6ED2-4041-8C55-BA4C0B8B120D}.AppStore|iPhone.Deploy.0 = AppStore|iPhone
		{6009A283-6ED2-4041-8C55-BA4C0B8B120D}.AppStore|iPhoneSimulator.ActiveCfg = AppStore|iPhoneSimulator
		{6009A283-6ED2-4041-8C55-BA4C0B8B120D}.AppStore|iPhoneSimulator.Build.0 = AppStore|iPhoneSimulator
		{6009A283-6ED2-4041-8C55-BA4C0B8B120D}.AppStore|iPhoneSimulator.Deploy.0 = AppStore|iPhoneSimulator
		{6009A283-6ED2-4041-8C55-BA4C0B8B120D}.Debug|Any CPU.ActiveCfg = Debug|iPhoneSimulator
		{6009A283-6ED2-4041-8C55-BA4C0B8B120D}.Debug|Any CPU.Build.0 = Debug|iPhoneSimulator
		{6009A283-6ED2-4041-8C55-BA4C0B8B120D}.Debug|Any CPU.Deploy.0 = Debug|iPhoneSimulator
		{6009A283-6ED2-4041-8C55-BA4C0B8B120D}.Debug|iPhone.ActiveCfg = Debug|iPhone
		{6009A283-6ED2-4041-8C55-BA4C0B8B120D}.Debug|iPhone.Build.0 = Debug|iPhone
		{6009A283-6ED2-4041-8C55-BA4C0B8B120D}.Debug|iPhone.Deploy.0 = Debug|iPhone
		{6009A283-6ED2-4041-8C55-BA4C0B8B120D}.Debug|iPhoneSimulator.ActiveCfg = Debug|iPhoneSimulator
		{6009A283-6ED2-4041-8C55-BA4C0B8B120D}.Debug|iPhoneSimulator.Build.0 = Debug|iPhoneSimulator
		{6009A283-6ED2-4041-8C55-BA4C0B8B120D}.Debug|iPhoneSimulator.Deploy.0 = Debug|iPhoneSimulator
		{6009A283-6ED2-4041-8C55-BA4C0B8B120D}.Release|Any CPU.ActiveCfg = Release|iPhone
		{6009A283-6ED2-4041-8C55-BA4C0B8B120D}.Release|Any CPU.Build.0 = Release|iPhone
		{6009A283-6ED2-4041-8C55-BA4C0B8B120D}.Release|Any CPU.Deploy.0 = Release|iPhone
		{6009A283-6ED2-4041-8C55-BA4C0B8B120D}.Release|iPhone.ActiveCfg = Release|iPhone
		{6009A283-6ED2-4041-8C55-BA4C0B8B120D}.Release|iPhone.Build.0 = Release|iPhone
		{6009A283-6ED2-4041-8C55-BA4C0B8B120D}.Release|iPhone.Deploy.0 = Release|iPhone
		{6009A283-6ED2-4041-8C55-BA4C0B8B120D}.Release|iPhoneSimulator.ActiveCfg = Release|iPhoneSimulator
		{6009A283-6ED2-4041-8C55-BA4C0B8B120D}.Release|iPhoneSimulator.Build.0 = Release|iPhoneSimulator
		{6009A283-6ED2-4041-8C55-BA4C0B8B120D}.Release|iPhoneSimulator.Deploy.0 = Release|iPhoneSimulator
		{BD536FA7-F95B-47DA-82D2-8B7C16E2626E}.Ad-Hoc|Any CPU.ActiveCfg = Debug|Any CPU
		{BD536FA7-F95B-47DA-82D2-8B7C16E2626E}.Ad-Hoc|Any CPU.Build.0 = Debug|Any CPU
		{BD536FA7-F95B-47DA-82D2-8B7C16E2626E}.Ad-Hoc|Any CPU.Deploy.0 = Debug|Any CPU
		{BD536FA7-F95B-47DA-82D2-8B7C16E2626E}.Ad-Hoc|iPhone.ActiveCfg = Debug|Any CPU
		{BD536FA7-F95B-47DA-82D2-8B7C16E2626E}.Ad-Hoc|iPhone.Build.0 = Debug|Any CPU
		{BD536FA7-F95B-47DA-82D2-8B7C16E2626E}.Ad-Hoc|iPhone.Deploy.0 = Debug|Any CPU
		{BD536FA7-F95B-47DA-82D2-8B7C16E2626E}.Ad-Hoc|iPhoneSimulator.ActiveCfg = Debug|Any CPU
		{BD536FA7-F95B-47DA-82D2-8B7C16E2626E}.Ad-Hoc|iPhoneSimulator.Build.0 = Debug|Any CPU
		{BD536FA7-F95B-47DA-82D2-8B7C16E2626E}.Ad-Hoc|iPhoneSimulator.Deploy.0 = Debug|Any CPU
		{BD536FA7-F95B-47DA-82D2-8B7C16E2626E}.AppStore|Any CPU.ActiveCfg = Debug|Any CPU
		{BD536FA7-F95B-47DA-82D2-8B7C16E2626E}.AppStore|Any CPU.Build.0 = Debug|Any CPU
		{BD536FA7-F95B-47DA-82D2-8B7C16E2626E}.AppStore|Any CPU.Deploy.0 = Debug|Any CPU
		{BD536FA7-F95B-47DA-82D2-8B7C16E2626E}.AppStore|iPhone.ActiveCfg = Debug|Any CPU
		{BD536FA7-F95B-47DA-82D2-8B7C16E2626E}.AppStore|iPhone.Build.0 = Debug|Any CPU
		{BD536FA7-F95B-47DA-82D2-8B7C16E2626E}.AppStore|iPhone.Deploy.0 = Debug|Any CPU
		{BD536FA7-F95B-47DA-82D2-8B7C16E2626E}.AppStore|iPhoneSimulator.ActiveCfg = Debug|Any CPU
		{BD536FA7-F95B-47DA-82D2-8B7C16E2626E}.AppStore|iPhoneSimulator.Build.0 = Debug|Any CPU
		{BD536FA7-F95B-47DA-82D2-8B7C16E2626E}.AppStore|iPhoneSimulator.Deploy.0 = Debug|Any CPU
		{BD536FA7-F95B-47DA-82D2-8B7C16E2626E}.Debug|Any CPU.ActiveCfg = Debug|Any CPU
		{BD536FA7-F95B-47DA-82D2-8B7C16E2626E}.Debug|Any CPU.Build.0 = Debug|Any CPU
		{BD536FA7-F95B-47DA-82D2-8B7C16E2626E}.Debug|Any CPU.Deploy.0 = Debug|Any CPU
		{BD536FA7-F95B-47DA-82D2-8B7C16E2626E}.Debug|iPhone.ActiveCfg = Debug|Any CPU
		{BD536FA7-F95B-47DA-82D2-8B7C16E2626E}.Debug|iPhone.Build.0 = Debug|Any CPU
		{BD536FA7-F95B-47DA-82D2-8B7C16E2626E}.Debug|iPhone.Deploy.0 = Debug|Any CPU
		{BD536FA7-F95B-47DA-82D2-8B7C16E2626E}.Debug|iPhoneSimulator.ActiveCfg = Debug|Any CPU
		{BD536FA7-F95B-47DA-82D2-8B7C16E2626E}.Debug|iPhoneSimulator.Build.0 = Debug|Any CPU
		{BD536FA7-F95B-47DA-82D2-8B7C16E2626E}.Debug|iPhoneSimulator.Deploy.0 = Debug|Any CPU
		{BD536FA7-F95B-47DA-82D2-8B7C16E2626E}.Release|Any CPU.ActiveCfg = Release|Any CPU
		{BD536FA7-F95B-47DA-82D2-8B7C16E2626E}.Release|Any CPU.Build.0 = Release|Any CPU
		{BD536FA7-F95B-47DA-82D2-8B7C16E2626E}.Release|Any CPU.Deploy.0 = Release|Any CPU
		{BD536FA7-F95B-47DA-82D2-8B7C16E2626E}.Release|iPhone.ActiveCfg = Release|Any CPU
		{BD536FA7-F95B-47DA-82D2-8B7C16E2626E}.Release|iPhone.Build.0 = Release|Any CPU
		{BD536FA7-F95B-47DA-82D2-8B7C16E2626E}.Release|iPhone.Deploy.0 = Release|Any CPU
		{BD536FA7-F95B-47DA-82D2-8B7C16E2626E}.Release|iPhoneSimulator.ActiveCfg = Release|Any CPU
		{BD536FA7-F95B-47DA-82D2-8B7C16E2626E}.Release|iPhoneSimulator.Build.0 = Release|Any CPU
		{BD536FA7-F95B-47DA-82D2-8B7C16E2626E}.Release|iPhoneSimulator.Deploy.0 = Release|Any CPU
		{AD5915C0-F625-4184-B1F5-989629E1D904}.Ad-Hoc|Any CPU.ActiveCfg = Release|Any CPU
		{AD5915C0-F625-4184-B1F5-989629E1D904}.Ad-Hoc|Any CPU.Build.0 = Release|Any CPU
		{AD5915C0-F625-4184-B1F5-989629E1D904}.Ad-Hoc|iPhone.ActiveCfg = Release|Any CPU
		{AD5915C0-F625-4184-B1F5-989629E1D904}.Ad-Hoc|iPhone.Build.0 = Release|Any CPU
		{AD5915C0-F625-4184-B1F5-989629E1D904}.Ad-Hoc|iPhoneSimulator.ActiveCfg = Release|Any CPU
		{AD5915C0-F625-4184-B1F5-989629E1D904}.Ad-Hoc|iPhoneSimulator.Build.0 = Release|Any CPU
		{AD5915C0-F625-4184-B1F5-989629E1D904}.AppStore|Any CPU.ActiveCfg = Release|Any CPU
		{AD5915C0-F625-4184-B1F5-989629E1D904}.AppStore|Any CPU.Build.0 = Release|Any CPU
		{AD5915C0-F625-4184-B1F5-989629E1D904}.AppStore|iPhone.ActiveCfg = Release|Any CPU
		{AD5915C0-F625-4184-B1F5-989629E1D904}.AppStore|iPhone.Build.0 = Release|Any CPU
		{AD5915C0-F625-4184-B1F5-989629E1D904}.AppStore|iPhoneSimulator.ActiveCfg = Release|Any CPU
		{AD5915C0-F625-4184-B1F5-989629E1D904}.AppStore|iPhoneSimulator.Build.0 = Release|Any CPU
		{AD5915C0-F625-4184-B1F5-989629E1D904}.Debug|Any CPU.ActiveCfg = Debug|Any CPU
		{AD5915C0-F625-4184-B1F5-989629E1D904}.Debug|Any CPU.Build.0 = Debug|Any CPU
		{AD5915C0-F625-4184-B1F5-989629E1D904}.Debug|iPhone.ActiveCfg = Debug|Any CPU
		{AD5915C0-F625-4184-B1F5-989629E1D904}.Debug|iPhone.Build.0 = Debug|Any CPU
		{AD5915C0-F625-4184-B1F5-989629E1D904}.Debug|iPhoneSimulator.ActiveCfg = Debug|Any CPU
		{AD5915C0-F625-4184-B1F5-989629E1D904}.Debug|iPhoneSimulator.Build.0 = Debug|Any CPU
		{AD5915C0-F625-4184-B1F5-989629E1D904}.Release|Any CPU.ActiveCfg = Release|Any CPU
		{AD5915C0-F625-4184-B1F5-989629E1D904}.Release|Any CPU.Build.0 = Release|Any CPU
		{AD5915C0-F625-4184-B1F5-989629E1D904}.Release|iPhone.ActiveCfg = Release|Any CPU
		{AD5915C0-F625-4184-B1F5-989629E1D904}.Release|iPhone.Build.0 = Release|Any CPU
		{AD5915C0-F625-4184-B1F5-989629E1D904}.Release|iPhoneSimulator.ActiveCfg = Release|Any CPU
		{AD5915C0-F625-4184-B1F5-989629E1D904}.Release|iPhoneSimulator.Build.0 = Release|Any CPU
	EndGlobalSection
	GlobalSection(SolutionProperties) = preSolution
		HideSolutionNode = FALSE
	EndGlobalSection
	GlobalSection(ExtensibilityGlobals) = postSolution
		SolutionGuid = {364DC73F-689D-4779-8F61-80FFA0B3EEDC}
	EndGlobalSection
EndGlobal
